<?xml version="1.0" encoding="utf-8"?>
<Project ToolsVersion="4.0" xmlns="http://schemas.microsoft.com/developer/msbuild/2003">
  <ItemGroup>
    <Filter Include="Source Files">
      <UniqueIdentifier>{29cf5435-c0a7-430e-94f6-4b7b73e93be5}</UniqueIdentifier>
    </Filter>
    <Filter Include="Generated Files">
      <UniqueIdentifier>{f781a982-41b3-4a53-af52-beb9012d30a6}</UniqueIdentifier>
      <SourceControlFiles>False</SourceControlFiles>
    </Filter>
  </ItemGroup>
  <ItemGroup>
    <None Include="simpleatlcomps.def" />
  </ItemGroup>
  <ItemGroup>
    <ClCompile Include="simpleatlcom_i.c">
      <Filter>Generated Files</Filter>
    </ClCompile>
    <ClCompile Include="simpleatlcom_p.c">
      <Filter>Generated Files</Filter>
    </ClCompile>
    <ClCompile Include="dlldata.c">
      <Filter>Generated Files</Filter>
    </ClCompile>
  </ItemGroup>
</Project>